
Microsoft Visual Studio Solution File, Format Version 12.00
# Visual Studio 2013
VisualStudioVersion = 12.0.21005.1
MinimumVisualStudioVersion = 10.0.40219.1
Project("{FAE04EC0-301F-11D3-BF4B-00C04F79EFBC}") = "JCoin.Base", "JCoin.Base\JCoin.Base.csproj", "{28D87456-4362-4991-92AF-F19B1998A828}"
EndProject
Project("{FAE04EC0-301F-11D3-BF4B-00C04F79EFBC}") = "JCoin.Test", "JCoin.Test\JCoin.Test.csproj", "{B528434C-9057-435F-B915-910E7ED8ED8B}"
EndProject
Global
	GlobalSection(SolutionConfigurationPlatforms) = preSolution
		Debug|Any CPU = Debug|Any CPU
		Release|Any CPU = Release|Any CPU
	EndGlobalSection
	GlobalSection(ProjectConfigurationPlatforms) = postSolution
		{28D87456-4362-4991-92AF-F19B1998A828}.Debug|Any CPU.ActiveCfg = Debug|Any CPU
		{28D87456-4362-4991-92AF-F19B1998A828}.Debug|Any CPU.Build.0 = Debug|Any CPU
		{28D87456-4362-4991-92AF-F19B1998A828}.Release|Any CPU.ActiveCfg = Release|Any CPU
		{28D87456-4362-4991-92AF-F19B1998A828}.Release|Any CPU.Build.0 = Release|Any CPU
		{B528434C-9057-435F-B915-910E7ED8ED8B}.Debug|Any CPU.ActiveCfg = Debug|Any CPU
		{B528434C-9057-435F-B915-910E7ED8ED8B}.Debug|Any CPU.Build.0 = Debug|Any CPU
		{B528434C-9057-435F-B915-910E7ED8ED8B}.Release|Any CPU.ActiveCfg = Release|Any CPU
		{B528434C-9057-435F-B915-910E7ED8ED8B}.Release|Any CPU.Build.0 = Release|Any CPU
	EndGlobalSection
	GlobalSection(SolutionProperties) = preSolution
		HideSolutionNode = FALSE
	EndGlobalSection
EndGlobal
